<?xml version="1.0" encoding="utf-8"?>
<Project ToolsVersion="4.0" xmlns="http://schemas.microsoft.com/developer/msbuild/2003">
  <ItemGroup>
    <Filter Include="Source Files">
      <UniqueIdentifier>{4FC737F1-C7A5-4376-A066-2A32D752A2FF}</UniqueIdentifier>
      <Extensions>cpp;c;cc;cxx;c++;cppm;ixx;def;odl;idl;hpj;bat;asm;asmx</Extensions>
    </Filter>
    <Filter Include="Header Files">
      <UniqueIdentifier>{93995380-89BD-4B04-88EB-625FBE52EBFB}</UniqueIdentifier>
      <Extensions>h;hh;hpp;hxx;h++;hm;inl;inc;ipp;xsd</Extensions>
    </Filter>
    <Filter Include="Resource Files">
      <UniqueIdentifier>{67DA6AB6-F800-4C08-8B7A-83BB121AAD01}</UniqueIdentifier>
      <Extensions>rc;ico;cur;bmp;dlg;rc2;rct;bin;rgs;gif;jpg;jpeg;jpe;resx;tiff;tif;png;wav;mfcribbon-ms</Extensions>
    </Filter>
    <Filter Include="Source Files\App">
      <UniqueIdentifier>{B23B795D-92E2-B72D-0B44-E9CDCEFB1533}</UniqueIdentifier>
    </Filter>
    <Filter Include="Source Files\mmlog">
      <UniqueIdentifier>{0D6B173C-A0DB-4B20-8E17-0DBAF10A8385}</UniqueIdentifier>
    </Filter>
  </ItemGroup>
  <ItemGroup>
    <ClInclude Include="EstimatorTestSupport.h">
      <Filter>Header Files</Filter>
    </ClInclude>
    <ClInclude Include="MazeRef.h">
      <Filter>Header Files</Filter>
    </ClInclude>
    <ClInclude Include="PlantModelTestSupport.h">
      <Filter>Header Files</Filter>
    </ClInclude>
    <ClInclude Include="pch.h">
      <Filter>Header Files</Filter>
    </ClInclude>
    <ClInclude Include="SrUkfCoreTestSupport.h">
      <Filter>Header Files</Filter>
    </ClInclude>
    <ClInclude Include="Templates.h">
      <Filter>Header Files</Filter>
    </ClInclude>
    <ClInclude Include="TimeStepPropagationTestSupport.h">
      <Filter>Header Files</Filter>
    </ClInclude>
  </ItemGroup>
  <ItemGroup>
    <ClCompile Include="CellTest.cpp">
      <Filter>Source Files</Filter>
    </ClCompile>
    <ClCompile Include="DriveBaseTest.cpp">
      <Filter>Source Files</Filter>
    </ClCompile>
    <ClCompile Include="DriveManeuverTests.cpp">
      <Filter>Source Files</Filter>
    </ClCompile>
    <ClCompile Include="DirectionTest.cpp">
      <Filter>Source Files</Filter>
    </ClCompile>
    <ClCompile Include="DirectionalPathFinderTest.cpp">
      <Filter>Source Files</Filter>
    </ClCompile>
    <ClCompile Include="DiagnosticCoverageTest.cpp">
      <Filter>Source Files</Filter>
    </ClCompile>
    <ClCompile Include="FresnelTest.cpp">
      <Filter>Source Files</Filter>
    </ClCompile>
    <ClCompile Include="HistoricalMazePathFinderTest.cpp">
      <Filter>Source Files</Filter>
    </ClCompile>
    <ClCompile Include="LoopControllerTest.cpp">
      <Filter>Source Files</Filter>
    </ClCompile>
    <ClCompile Include="ManeuverPathFinderTest.cpp">
      <Filter>Source Files</Filter>
    </ClCompile>
    <ClCompile Include="ApplicationTest.cpp">
      <Filter>Source Files\App</Filter>
    </ClCompile>
    <ClCompile Include="RuntimeHelperTest.cpp">
      <Filter>Source Files\App</Filter>
    </ClCompile>
    <ClCompile Include="SharedRuntimeTest.cpp">
      <Filter>Source Files\App</Filter>
    </ClCompile>
    <ClCompile Include="..\MazeMap\MmLog.cpp">
      <Filter>Source Files\mmlog</Filter>
    </ClCompile>
    <ClCompile Include="ManeuverTest.cpp">
      <Filter>Source Files</Filter>
    </ClCompile>
    <ClCompile Include="WallMappingTest.cpp">
      <Filter>Source Files</Filter>
    </ClCompile>
    <ClCompile Include="MazeMaskTest.cpp">
      <Filter>Source Files</Filter>
    </ClCompile>
    <ClCompile Include="MazeTest.cpp">
      <Filter>Source Files</Filter>
    </ClCompile>
    <ClCompile Include="OpenFloorMeasurementSpecTest.cpp">
      <Filter>Source Files</Filter>
    </ClCompile>
    <ClCompile Include="OpenFloorMeasurementControllerTest.cpp">
      <Filter>Source Files\App</Filter>
    </ClCompile>
    <ClCompile Include="PathFinderTest.cpp">
      <Filter>Source Files</Filter>
    </ClCompile>
    <ClCompile Include="pch.cpp">
      <Filter>Source Files</Filter>
    </ClCompile>
    <ClCompile Include="PlantModelDriveCommandTest.cpp">
      <Filter>Source Files</Filter>
    </ClCompile>
    <ClCompile Include="PlantModelDynamicsTest.cpp">
      <Filter>Source Files</Filter>
    </ClCompile>
    <ClCompile Include="RelativeDirectionalDistanceTest.cpp">
      <Filter>Source Files</Filter>
    </ClCompile>
    <ClCompile Include="SearchRunPlannerTest.cpp">
      <Filter>Source Files</Filter>
    </ClCompile>
    <ClCompile Include="SrUkfCoreBiasAndStationaryTest.cpp">
      <Filter>Source Files</Filter>
    </ClCompile>
    <ClCompile Include="SrUkfCoreModeAndDiagnosticsTest.cpp">
      <Filter>Source Files</Filter>
    </ClCompile>
    <ClCompile Include="SrUkfCoreMotionUpdateTest.cpp">
      <Filter>Source Files</Filter>
    </ClCompile>
    <ClCompile Include="SrUkfCoreReplayRegressionTest.cpp">
      <Filter>Source Files</Filter>
    </ClCompile>
    <ClCompile Include="UKFTest.cpp">
      <Filter>Source Files</Filter>
    </ClCompile>
    <ClCompile Include="VehicleStateTest.cpp">
      <Filter>Source Files</Filter>
    </ClCompile>
    <ClCompile Include="Vector2fTest.cpp">
      <Filter>Source Files</Filter>
    </ClCompile>
  </ItemGroup>
</Project>
