<?xml version="1.0" encoding="utf-8"?>
<Project ToolsVersion="4.0" xmlns="http://schemas.microsoft.com/developer/msbuild/2003">
  <ItemGroup>
    <Filter Include="Source Files">
      <UniqueIdentifier>{4FC737F1-C7A5-4376-A066-2A32D752A2FF}</UniqueIdentifier>
      <Extensions>cpp;c;cc;cxx;c++;cppm;ixx;def;odl;idl;hpj;bat;asm;asmx</Extensions>
    </Filter>
    <Filter Include="Header Files">
      <UniqueIdentifier>{93995380-89BD-4B04-88EB-625FBE52EBFB}</UniqueIdentifier>
      <Extensions>h;hh;hpp;hxx;h++;hm;inl;inc;ipp;xsd</Extensions>
    </Filter>
    <Filter Include="Resource Files">
      <UniqueIdentifier>{67DA6AB6-F800-4C08-8B7A-83BB121AAD01}</UniqueIdentifier>
      <Extensions>rc;ico;cur;bmp;dlg;rc2;rct;bin;rgs;gif;jpg;jpeg;jpe;resx;tiff;tif;png;wav;mfcribbon-ms</Extensions>
    </Filter>
    <Filter Include="Source Files\App">
      <UniqueIdentifier>{B23B795D-92E2-B72D-0B44-E9CDCEFB1533}</UniqueIdentifier>
    </Filter>
    <Filter Include="Source Files\App\Internal">
      <UniqueIdentifier>{33743099-4C24-18FC-BAF3-BB33244E8D37}</UniqueIdentifier>
    </Filter>
    <Filter Include="Source Files\App\Internal\AuxMeasurementModeSupport">
      <UniqueIdentifier>{BFA14C77-4FF5-486E-8FD4-CBA00F582DF7}</UniqueIdentifier>
    </Filter>
    <Filter Include="Source Files\App\Internal\BootUtilityModeFramework">
      <UniqueIdentifier>{7D5E5EE6-2B86-5DEC-AC00-FBC9696FBE5D}</UniqueIdentifier>
    </Filter>
    <Filter Include="Source Files\App\Internal\Runtime">
      <UniqueIdentifier>{5D3A3B5C-D556-A87C-B916-5506BAE8D5C9}</UniqueIdentifier>
    </Filter>
    <Filter Include="Header Files\App">
      <UniqueIdentifier>{1505E78A-88AC-CF6A-AFE4-3ECA52C4C818}</UniqueIdentifier>
    </Filter>
    <Filter Include="Header Files\App\Internal">
      <UniqueIdentifier>{EA5A345E-3D34-18F4-2EB6-E168186F3C55}</UniqueIdentifier>
    </Filter>
    <Filter Include="Header Files\App\Internal\AuxMeasurementModeSupport">
      <UniqueIdentifier>{224D3698-D6D2-4FCF-9311-C82B1D0B11AB}</UniqueIdentifier>
    </Filter>
    <Filter Include="Header Files\App\Internal\BootUtilityModeFramework">
      <UniqueIdentifier>{BFA84A39-A36F-FA1D-30E0-25ABAC2A21D0}</UniqueIdentifier>
    </Filter>
    <Filter Include="Header Files\App\Internal\Runtime">
      <UniqueIdentifier>{33B07745-C2BC-ECCE-0D26-D3467CA6EBDE}</UniqueIdentifier>
    </Filter>
    <Filter Include="Header Files\AuxMeasurementConfig">
      <UniqueIdentifier>{50313AF2-1AB5-59BE-3CDD-53664A354550}</UniqueIdentifier>
    </Filter>
    <Filter Include="Header Files\Config">
      <UniqueIdentifier>{E394B4B1-6441-3120-4A58-C224A7E71233}</UniqueIdentifier>
    </Filter>
    <Filter Include="Header Files\DiagnosticConfig">
      <UniqueIdentifier>{9DD1F0A2-D5D1-534A-9B23-1FE88266EE87}</UniqueIdentifier>
    </Filter>
    <Filter Include="Header Files\FrontWallCharacterizationConfig">
      <UniqueIdentifier>{8021462B-91CE-736A-F7E5-CAAFDA9D5E9A}</UniqueIdentifier>
    </Filter>
    <Filter Include="Header Files\HardwareConfig">
      <UniqueIdentifier>{803345E2-DD92-1A58-CBBF-61550A6734AB}</UniqueIdentifier>
    </Filter>
    <Filter Include="Header Files\LedCalibrationConfig">
      <UniqueIdentifier>{D6D20517-E529-8DD0-90E4-2F3BDD9E817D}</UniqueIdentifier>
    </Filter>
    <Filter Include="Header Files\Pins">
      <UniqueIdentifier>{45474D04-ED18-149C-ABD4-2BF9E0D27E76}</UniqueIdentifier>
    </Filter>
    <Filter Include="Header Files\Platform">
      <UniqueIdentifier>{F7ED3245-A357-FB46-99F1-18096E1E9B1D}</UniqueIdentifier>
    </Filter>
    <Filter Include="Source Files\mmlog">
      <UniqueIdentifier>{A9BB26DB-3CD4-44C8-BD64-E6CD6EA0C4DB}</UniqueIdentifier>
    </Filter>
    <Filter Include="Header Files\mmlog">
      <UniqueIdentifier>{5B35AA05-BB8D-49B6-9F63-6092F24A6C87}</UniqueIdentifier>
    </Filter>
  </ItemGroup>
  <ItemGroup>
    <ClInclude Include="AuxMeasurementConfig.h">
      <Filter>Header Files\AuxMeasurementConfig</Filter>
    </ClInclude>
    <ClInclude Include="AuxMeasurementModeSupport.h">
      <Filter>Header Files\App\Internal\AuxMeasurementModeSupport</Filter>
    </ClInclude>
    <ClInclude Include="BootModeDescriptor.h">
      <Filter>Header Files\App</Filter>
    </ClInclude>
    <ClInclude Include="BootModeRegistry.h">
      <Filter>Header Files\App</Filter>
    </ClInclude>
    <ClInclude Include="BootUtilityModeFramework.h">
      <Filter>Header Files\App\Internal\BootUtilityModeFramework</Filter>
    </ClInclude>
    <ClInclude Include="Cell.h">
      <Filter>Header Files</Filter>
    </ClInclude>
    <ClInclude Include="CellCoordinates.h">
      <Filter>Header Files</Filter>
    </ClInclude>
    <ClInclude Include="CircularBuffer.h">
      <Filter>Header Files</Filter>
    </ClInclude>
    <ClInclude Include="CommandPD.h">
      <Filter>Header Files</Filter>
    </ClInclude>
    <ClInclude Include="CompactPath.h">
      <Filter>Header Files</Filter>
    </ClInclude>
    <ClInclude Include="CoreConfig.h">
      <Filter>Header Files\Config</Filter>
    </ClInclude>
    <ClInclude Include="CruiseSpeedFloor.h">
      <Filter>Header Files</Filter>
    </ClInclude>
    <ClInclude Include="Defines.h">
      <Filter>Header Files</Filter>
    </ClInclude>
    <ClInclude Include="DiagnosticConfig.h">
      <Filter>Header Files\DiagnosticConfig</Filter>
    </ClInclude>
    <ClInclude Include="DiagnosticCoverage.h">
      <Filter>Header Files</Filter>
    </ClInclude>
    <ClInclude Include="DiagnosticLogBudget.h">
      <Filter>Header Files</Filter>
    </ClInclude>
    <ClInclude Include="DiagnosticMotionPlan.h">
      <Filter>Header Files</Filter>
    </ClInclude>
    <ClInclude Include="DiagonalWallCentering.h">
      <Filter>Header Files</Filter>
    </ClInclude>
    <ClInclude Include="Direction.h">
      <Filter>Header Files</Filter>
    </ClInclude>
    <ClInclude Include="DirectionalLocation.h">
      <Filter>Header Files</Filter>
    </ClInclude>
    <ClInclude Include="DirectionalPathFinder.h">
      <Filter>Header Files</Filter>
    </ClInclude>
    <ClInclude Include="Drive.h">
      <Filter>Header Files\App\Internal</Filter>
    </ClInclude>
    <ClInclude Include="DriveBase.h">
      <Filter>Header Files</Filter>
    </ClInclude>
    <ClInclude Include="EigenCompat.h">
      <Filter>Header Files</Filter>
    </ClInclude>
    <ClInclude Include="EncoderStallPolicy.h">
      <Filter>Header Files</Filter>
    </ClInclude>
    <ClInclude Include="FanRampProfile.h">
      <Filter>Header Files</Filter>
    </ClInclude>
    <ClInclude Include="framework.h">
      <Filter>Header Files</Filter>
    </ClInclude>
    <ClInclude Include="Fresnel.h">
      <Filter>Header Files</Filter>
    </ClInclude>
    <ClInclude Include="FrontWallCharacterizationConfig.h">
      <Filter>Header Files\FrontWallCharacterizationConfig</Filter>
    </ClInclude>
    <ClInclude Include="FrontWallCharacterizationStorage.h">
      <Filter>Header Files</Filter>
    </ClInclude>
    <ClInclude Include="FloodFillPathFinder.h">
      <Filter>Header Files</Filter>
    </ClInclude>
    <ClInclude Include="GyroBiasUpdatePolicy.h">
      <Filter>Header Files</Filter>
    </ClInclude>
    <ClInclude Include="HardwareConfig.h">
      <Filter>Header Files\HardwareConfig</Filter>
    </ClInclude>
    <ClInclude Include="HalfStepPath.h">
      <Filter>Header Files</Filter>
    </ClInclude>
    <ClInclude Include="ImuCalibrationPolicy.h">
      <Filter>Header Files</Filter>
    </ClInclude>
    <ClInclude Include="ImuSamplingProfile.h">
      <Filter>Header Files</Filter>
    </ClInclude>
    <ClInclude Include="InPlaceTurnProfile.h">
      <Filter>Header Files</Filter>
    </ClInclude>
    <ClInclude Include="Kinematics.h">
      <Filter>Header Files</Filter>
    </ClInclude>
    <ClInclude Include="LaunchAssistProfile.h">
      <Filter>Header Files</Filter>
    </ClInclude>
    <ClInclude Include="LedCalibrationConfig.h">
      <Filter>Header Files\LedCalibrationConfig</Filter>
    </ClInclude>
    <ClInclude Include="LSM6DSV16X_IMU.h">
      <Filter>Header Files</Filter>
    </ClInclude>
    <ClInclude Include="Maneuver.h">
      <Filter>Header Files</Filter>
    </ClInclude>
    <ClInclude Include="ManeuverInstance.h">
      <Filter>Header Files</Filter>
    </ClInclude>
    <ClInclude Include="ManeuverExecutor.h">
      <Filter>Header Files\App\Internal</Filter>
    </ClInclude>
    <ClInclude Include="StartupCalibration.h">
      <Filter>Header Files\App\Internal</Filter>
    </ClInclude>
    <ClInclude Include="WallTouch.h">
      <Filter>Header Files\App\Internal</Filter>
    </ClInclude>
    <ClInclude Include="ManeuverPath.h">
      <Filter>Header Files</Filter>
    </ClInclude>
    <ClInclude Include="ManeuverPathFinder.h">
      <Filter>Header Files</Filter>
    </ClInclude>
    <ClInclude Include="ManeuverQueue.h">
      <Filter>Header Files</Filter>
    </ClInclude>
    <ClInclude Include="ManeuverSet.h">
      <Filter>Header Files</Filter>
    </ClInclude>
    <ClInclude Include="MaskQueue.h">
      <Filter>Header Files</Filter>
    </ClInclude>
    <ClInclude Include="MapEvidenceUpdater.h">
      <Filter>Header Files</Filter>
    </ClInclude>
    <ClInclude Include="Maze.h">
      <Filter>Header Files</Filter>
    </ClInclude>
    <ClInclude Include="MazeMapApplication.h">
      <Filter>Header Files\App</Filter>
    </ClInclude>
    <ClInclude Include="MazeMapApplicationMode.h">
      <Filter>Header Files\App\Internal</Filter>
    </ClInclude>
    <ClInclude Include="MazeMapApplicationPrivate.h">
      <Filter>Header Files</Filter>
    </ClInclude>
    <ClInclude Include="MazeMapApplicationRuntime.h">
      <Filter>Header Files\App\Internal</Filter>
    </ClInclude>
    <ClInclude Include="MazeMapControllerRegistry.h">
      <Filter>Header Files\App\Internal</Filter>
    </ClInclude>
    <ClInclude Include="MazeMapRuntimeCore.h">
      <Filter>Header Files</Filter>
    </ClInclude>
    <ClInclude Include="MazeMapRuntimeInfrastructure.h">
      <Filter>Header Files\App\Internal\Runtime</Filter>
    </ClInclude>
    <ClInclude Include="MazeMapRuntimeMmLog.h">
      <Filter>Header Files</Filter>
    </ClInclude>
    <ClInclude Include="MazeMapRuntimeSignalHelpers.h">
      <Filter>Header Files\App\Internal\Runtime</Filter>
    </ClInclude>
    <ClInclude Include="MazeMapSharedRuntime.h">
      <Filter>Header Files\App\Internal</Filter>
    </ClInclude>
    <ClInclude Include="MazeLocation.h">
      <Filter>Header Files</Filter>
    </ClInclude>
    <ClInclude Include="MazeMask.h">
      <Filter>Header Files</Filter>
    </ClInclude>
    <ClInclude Include="MissionRunMode.h">
      <Filter>Header Files\App\Internal</Filter>
    </ClInclude>
    <ClInclude Include="ManeuverFileTestMode.h">
      <Filter>Header Files\App\Internal</Filter>
    </ClInclude>
    <ClInclude Include="CorridorRepeatabilityMode.h">
      <Filter>Header Files\App\Internal</Filter>
    </ClInclude>
    <ClInclude Include="PositionAccuracyAuditMode.h">
      <Filter>Header Files\App\Internal</Filter>
    </ClInclude>
    <ClInclude Include="TopSpeedMeasurementMode.h">
      <Filter>Header Files\App\Internal</Filter>
    </ClInclude>
    <ClInclude Include="OpenFloorMeasurementSpec.h">
      <Filter>Header Files</Filter>
    </ClInclude>
    <ClInclude Include="MissionMazeExport.h">
      <Filter>Header Files</Filter>
    </ClInclude>
    <ClInclude Include="MissionStartPolicy.h">
      <Filter>Header Files</Filter>
    </ClInclude>
    <ClInclude Include="MmLog.h">
      <Filter>Header Files\mmlog</Filter>
    </ClInclude>
    <ClInclude Include="LoopController.h">
      <Filter>Header Files\App\Internal</Filter>
    </ClInclude>
    <ClInclude Include="MotionTargetProjection.h">
      <Filter>Header Files</Filter>
    </ClInclude>
    <ClInclude Include="MotorEncoderDrive.h">
      <Filter>Header Files</Filter>
    </ClInclude>
    <ClInclude Include="MotorModelUnits.h">
      <Filter>Header Files</Filter>
    </ClInclude>
    <ClInclude Include="MouseUkfFacade.h">
      <Filter>Header Files</Filter>
    </ClInclude>
    <ClInclude Include="OpenFloorMeasurementCycle.h">
      <Filter>Header Files</Filter>
    </ClInclude>
    <ClInclude Include="OpenFloorMeasurementLabels.h">
      <Filter>Header Files</Filter>
    </ClInclude>
    <ClInclude Include="Path.h">
      <Filter>Header Files</Filter>
    </ClInclude>
    <ClInclude Include="PathFinder.h">
      <Filter>Header Files</Filter>
    </ClInclude>
    <ClInclude Include="PathPoint.h">
      <Filter>Header Files</Filter>
    </ClInclude>
    <ClInclude Include="pch.h">
      <Filter>Header Files</Filter>
    </ClInclude>
    <ClInclude Include="PinPairStrap.h">
      <Filter>Header Files</Filter>
    </ClInclude>
    <ClInclude Include="Pins.h">
      <Filter>Header Files\Pins</Filter>
    </ClInclude>
    <ClInclude Include="PlantModel.h">
      <Filter>Header Files</Filter>
    </ClInclude>
    <ClInclude Include="RollingAverageWindow.h">
      <Filter>Header Files</Filter>
    </ClInclude>
    <ClInclude Include="RuntimeSensorSuite.h">
      <Filter>Header Files</Filter>
    </ClInclude>
    <ClInclude Include="RuntimeBinaryLogSupport.h">
      <Filter>Header Files\App\Internal\Runtime</Filter>
    </ClInclude>
    <ClInclude Include="SearchRunPlanner.h">
      <Filter>Header Files</Filter>
    </ClInclude>
    <ClInclude Include="Sensor.h">
      <Filter>Header Files</Filter>
    </ClInclude>
    <ClInclude Include="SmoothTurnYawRateController.h">
      <Filter>Header Files</Filter>
    </ClInclude>
    <ClInclude Include="StartupWaitProfile.h">
      <Filter>Header Files</Filter>
    </ClInclude>
    <ClInclude Include="SrUkfCore.h">
      <Filter>Header Files</Filter>
    </ClInclude>
    <ClInclude Include="TeensyLayout.h">
      <Filter>Header Files\Platform</Filter>
    </ClInclude>
    <ClInclude Include="TrackWidthEstimate.h">
      <Filter>Header Files</Filter>
    </ClInclude>
    <ClInclude Include="TractionLimitSweep.h">
      <Filter>Header Files</Filter>
    </ClInclude>
    <ClInclude Include="TurnCommandGeometry.h">
      <Filter>Header Files</Filter>
    </ClInclude>
    <ClInclude Include="TurnWallEdgeTracker.h">
      <Filter>Header Files</Filter>
    </ClInclude>
    <ClInclude Include="UKF.h">
      <Filter>Header Files</Filter>
    </ClInclude>
    <ClInclude Include="Vehicle.h">
      <Filter>Header Files</Filter>
    </ClInclude>
    <ClInclude Include="VehicleState.h">
      <Filter>Header Files</Filter>
    </ClInclude>
    <ClInclude Include="WallDistanceCalibration.h">
      <Filter>Header Files</Filter>
    </ClInclude>
    <ClInclude Include="WallDetectionThresholds.h">
      <Filter>Header Files</Filter>
    </ClInclude>
    <ClInclude Include="WallBeliefMap.h">
      <Filter>Header Files</Filter>
    </ClInclude>
    <ClInclude Include="WallGeometryModel.h">
      <Filter>Header Files</Filter>
    </ClInclude>
    <ClInclude Include="WallObservationPipeline.h">
      <Filter>Header Files</Filter>
    </ClInclude>
    <ClInclude Include="WallSensor.h">
      <Filter>Header Files</Filter>
    </ClInclude>
    <ClInclude Include="WallSensorCalibration.h">
      <Filter>Header Files</Filter>
    </ClInclude>
    <ClInclude Include="WallSensorPreprocessor.h">
      <Filter>Header Files</Filter>
    </ClInclude>
    <ClInclude Include="WheelControlProfile.h">
      <Filter>Header Files</Filter>
    </ClInclude>
  </ItemGroup>
  <ItemGroup>
    <ClCompile Include="Cell.cpp">
      <Filter>Source Files</Filter>
    </ClCompile>
    <ClCompile Include="CellCoordinates.cpp">
      <Filter>Source Files</Filter>
    </ClCompile>
    <ClCompile Include="CompactPath.cpp">
      <Filter>Source Files</Filter>
    </ClCompile>
    <ClCompile Include="Direction.cpp">
      <Filter>Source Files</Filter>
    </ClCompile>
    <ClCompile Include="DirectionalLocation.cpp">
      <Filter>Source Files</Filter>
    </ClCompile>
    <ClCompile Include="DirectionalPathFinder.cpp">
      <Filter>Source Files</Filter>
    </ClCompile>
    <ClCompile Include="Drive.cpp">
      <Filter>Source Files\App\Internal</Filter>
    </ClCompile>
    <ClCompile Include="DriveBase.cpp">
      <Filter>Source Files</Filter>
    </ClCompile>
    <ClCompile Include="dllmain.cpp">
      <Filter>Source Files</Filter>
    </ClCompile>
    <ClCompile Include="Fresnel.cpp">
      <Filter>Source Files</Filter>
    </ClCompile>
    <ClCompile Include="Kinematics.cpp">
      <Filter>Source Files</Filter>
    </ClCompile>
    <ClCompile Include="LoopController.cpp">
      <Filter>Source Files\App\Internal</Filter>
    </ClCompile>
    <ClCompile Include="Maneuver.cpp">
      <Filter>Source Files</Filter>
    </ClCompile>
    <ClCompile Include="ManeuverExecutor.cpp">
      <Filter>Source Files\App\Internal</Filter>
    </ClCompile>
    <ClCompile Include="StartupCalibration.cpp">
      <Filter>Source Files\App\Internal</Filter>
    </ClCompile>
    <ClCompile Include="WallTouch.cpp">
      <Filter>Source Files\App\Internal</Filter>
    </ClCompile>
    <ClCompile Include="ManeuverPath.cpp">
      <Filter>Source Files</Filter>
    </ClCompile>
    <ClCompile Include="ManeuverPathFinder.cpp">
      <Filter>Source Files</Filter>
    </ClCompile>
    <ClCompile Include="ManeuverSet.cpp">
      <Filter>Source Files</Filter>
    </ClCompile>
    <ClCompile Include="MaskQueue.cpp">
      <Filter>Source Files</Filter>
    </ClCompile>
    <ClCompile Include="Maze.cpp">
      <Filter>Source Files</Filter>
    </ClCompile>
    <ClCompile Include="MapEvidenceUpdater.cpp">
      <Filter>Source Files</Filter>
    </ClCompile>
    <ClCompile Include="MazeMapApplicationEntry.cpp">
      <Filter>Source Files\App</Filter>
    </ClCompile>
    <ClCompile Include="BootModeRegistry.cpp">
      <Filter>Source Files\App</Filter>
    </ClCompile>
    <ClCompile Include="BootUtilityModeFramework.cpp">
      <Filter>Source Files\App\Internal\BootUtilityModeFramework</Filter>
    </ClCompile>
    <ClCompile Include="MazeMapApplication.cpp">
      <Filter>Source Files\App</Filter>
    </ClCompile>
    <ClCompile Include="MmLog.cpp">
      <Filter>Source Files\mmlog</Filter>
    </ClCompile>
    <ClCompile Include="MouseUkfFacade.cpp">
      <Filter>Source Files</Filter>
    </ClCompile>
    <ClCompile Include="AuxMeasurementModeSupport.cpp">
      <Filter>Source Files\App\Internal\AuxMeasurementModeSupport</Filter>
    </ClCompile>
    <ClCompile Include="AuxMeasurementController.cpp">
      <Filter>Source Files\App\Internal</Filter>
    </ClCompile>
    <ClCompile Include="FrontWallCharacterizationController.cpp">
      <Filter>Source Files\App\Internal</Filter>
    </ClCompile>
    <ClCompile Include="WallSensorLedCalibrationController.cpp">
      <Filter>Source Files\App\Internal</Filter>
    </ClCompile>
    <ClCompile Include="DiagnosticController.cpp">
      <Filter>Source Files\App\Internal</Filter>
    </ClCompile>
    <ClCompile Include="OpenFloorMeasurementController.cpp">
      <Filter>Source Files\App\Internal</Filter>
    </ClCompile>
    <ClCompile Include="MissionRunMode.cpp">
      <Filter>Source Files\App\Internal</Filter>
    </ClCompile>
    <ClCompile Include="ManeuverFileTestMode.cpp">
      <Filter>Source Files\App\Internal</Filter>
    </ClCompile>
    <ClCompile Include="CorridorRepeatabilityMode.cpp">
      <Filter>Source Files\App\Internal</Filter>
    </ClCompile>
    <ClCompile Include="PositionAccuracyAuditMode.cpp">
      <Filter>Source Files\App\Internal</Filter>
    </ClCompile>
    <ClCompile Include="TopSpeedMeasurementMode.cpp">
      <Filter>Source Files\App\Internal</Filter>
    </ClCompile>
    <ClCompile Include="MazeMapSharedRuntime.cpp">
      <Filter>Source Files\App\Internal</Filter>
    </ClCompile>
    <ClCompile Include="MazeMapRuntimeInfrastructure.cpp">
      <Filter>Source Files\App\Internal\Runtime</Filter>
    </ClCompile>
    <ClCompile Include="MazeMapRuntimeSignalHelpers.cpp">
      <Filter>Source Files\App\Internal\Runtime</Filter>
    </ClCompile>
    <ClCompile Include="RuntimeSensorSuite.cpp">
      <Filter>Source Files</Filter>
    </ClCompile>
    <ClCompile Include="MazeLocation.cpp">
      <Filter>Source Files</Filter>
    </ClCompile>
    <ClCompile Include="MazeMapCore.cpp">
      <Filter>Source Files</Filter>
    </ClCompile>
    <ClCompile Include="MazeMask.cpp">
      <Filter>Source Files</Filter>
    </ClCompile>
    <ClCompile Include="Path.cpp">
      <Filter>Source Files</Filter>
    </ClCompile>
    <ClCompile Include="PathFinder.cpp">
      <Filter>Source Files</Filter>
    </ClCompile>
    <ClCompile Include="PathPoint.cpp">
      <Filter>Source Files</Filter>
    </ClCompile>
    <ClCompile Include="pch.cpp">
      <Filter>Source Files</Filter>
    </ClCompile>
    <ClCompile Include="PlantModel.cpp">
      <Filter>Source Files</Filter>
    </ClCompile>
    <ClCompile Include="SrUkfCore.cpp">
      <Filter>Source Files</Filter>
    </ClCompile>
    <ClCompile Include="WallGeometryModel.cpp">
      <Filter>Source Files</Filter>
    </ClCompile>
    <ClCompile Include="WallSensorPreprocessor.cpp">
      <Filter>Source Files</Filter>
    </ClCompile>
    <ClCompile Include="Vehicle.cpp">
      <Filter>Source Files</Filter>
    </ClCompile>
    <ClCompile Include="VehicleState.cpp">
      <Filter>Source Files</Filter>
    </ClCompile>
  </ItemGroup>
  <ItemGroup>
    <None Include="MazeMap.ino">
      <Filter>Source Files</Filter>
    </None>
  </ItemGroup>
</Project>
